
Microsoft Visual Studio Solution File, Format Version 12.00
# Visual Studio Version 17
VisualStudioVersion = 17.8.34316.72
MinimumVisualStudioVersion = 10.0.40219.1
Project("{FAE04EC0-301F-11D3-BF4B-00C04F79EFBC}") = "SkillFactory_3", "SkillFactory_3\SkillFactory_3.csproj", "{79DFF83F-EF86-476E-B073-645D9DF39598}"
EndProject
Global
	GlobalSection(SolutionConfigurationPlatforms) = preSolution
		Debug|Any CPU = Debug|Any CPU
		Release|Any CPU = Release|Any CPU
	EndGlobalSection
	GlobalSection(ProjectConfigurationPlatforms) = postSolution
		{79DFF83F-EF86-476E-B073-645D9DF39598}.Debug|Any CPU.ActiveCfg = Debug|Any CPU
		{79DFF83F-EF86-476E-B073-645D9DF39598}.Debug|Any CPU.Build.0 = Debug|Any CPU
		{79DFF83F-EF86-476E-B073-645D9DF39598}.Release|Any CPU.ActiveCfg = Release|Any CPU
		{79DFF83F-EF86-476E-B073-645D9DF39598}.Release|Any CPU.Build.0 = Release|Any CPU
	EndGlobalSection
	GlobalSection(SolutionProperties) = preSolution
		HideSolutionNode = FALSE
	EndGlobalSection
	GlobalSection(ExtensibilityGlobals) = postSolution
		SolutionGuid = {DCE2CD72-93AF-476D-A953-A37FBFC61B8E}
	EndGlobalSection
EndGlobal
